
Microsoft Visual Studio Solution File, Format Version 12.00
# Visual Studio 2012
Project("{8BC9CEB8-8B4A-11D0-8D11-00A0C91BC942}") = "지뢰찾기", "지뢰찾기\지뢰찾기.vcxproj", "{D34CE219-F11B-46DA-83C1-1E941C9C56CE}"
EndProject
Global
	GlobalSection(SolutionConfigurationPlatforms) = preSolution
		Debug|Win32 = Debug|Win32
		Release|Win32 = Release|Win32
	EndGlobalSection
	GlobalSection(ProjectConfigurationPlatforms) = postSolution
		{D34CE219-F11B-46DA-83C1-1E941C9C56CE}.Debug|Win32.ActiveCfg = Debug|Win32
		{D34CE219-F11B-46DA-83C1-1E941C9C56CE}.Debug|Win32.Build.0 = Debug|Win32
		{D34CE219-F11B-46DA-83C1-1E941C9C56CE}.Release|Win32.ActiveCfg = Release|Win32
		{D34CE219-F11B-46DA-83C1-1E941C9C56CE}.Release|Win32.Build.0 = Release|Win32
	EndGlobalSection
	GlobalSection(SolutionProperties) = preSolution
		HideSolutionNode = FALSE
	EndGlobalSection
EndGlobal
