<?xml version="1.0" encoding="utf-8"?>
<Project ToolsVersion="4.0" xmlns="http://schemas.microsoft.com/developer/msbuild/2003">
  <ItemGroup>
    <Filter Include="Game">
      <UniqueIdentifier>{17822417-4a17-4ef6-9233-869767db40f1}</UniqueIdentifier>
      <Extensions>cpp;c;cxx;rc;def;r;odl;idl;hpj;bat</Extensions>
    </Filter>
    <Filter Include="Game\weapons &amp; projectiles">
      <UniqueIdentifier>{80222fe8-1198-4c5e-9127-c9bd0b76f5d9}</UniqueIdentifier>
    </Filter>
    <Filter Include="Game\weapons &amp; projectiles\weapons">
      <UniqueIdentifier>{b7294e93-c95c-49d4-b739-bd2539b2394a}</UniqueIdentifier>
    </Filter>
    <Filter Include="Game\weapons &amp; projectiles\projectiles">
      <UniqueIdentifier>{a2d90e6c-352c-4da1-a8de-7ea8b7355107}</UniqueIdentifier>
    </Filter>
    <Filter Include="Game\Base entity classes">
      <UniqueIdentifier>{7215a74e-5d23-4fc2-8de9-687f7bff5973}</UniqueIdentifier>
    </Filter>
    <Filter Include="Game\Script related">
      <UniqueIdentifier>{560ad9c8-8a12-4d3a-a942-e245f27efca9}</UniqueIdentifier>
    </Filter>
    <Filter Include="Game\Script related\general">
      <UniqueIdentifier>{982b73a9-d592-4938-bcee-fa88b829df06}</UniqueIdentifier>
    </Filter>
    <Filter Include="Game\Script related\lua headers">
      <UniqueIdentifier>{f975e392-48d5-471b-8a94-6b92972505d0}</UniqueIdentifier>
    </Filter>
    <Filter Include="Game\misc">
      <UniqueIdentifier>{03bcadaa-1278-46a7-961d-6924e7d2f166}</UniqueIdentifier>
    </Filter>
    <Filter Include="Resource Files">
      <UniqueIdentifier>{fca0c57f-1bfc-4760-b90b-2415fbbf5564}</UniqueIdentifier>
    </Filter>
    <Filter Include="Resource Files\maps">
      <UniqueIdentifier>{f45e2e23-69e3-460c-8d6d-409821377862}</UniqueIdentifier>
    </Filter>
    <Filter Include="AI">
      <UniqueIdentifier>{1f0b3bf1-ea19-4fe8-b13a-4fa72b2ac105}</UniqueIdentifier>
    </Filter>
    <Filter Include="AI\goals">
      <UniqueIdentifier>{abbaa438-2aa9-4826-8955-84b5aef84afb}</UniqueIdentifier>
    </Filter>
    <Filter Include="AI\goals\composite">
      <UniqueIdentifier>{e9c9974f-f403-46b4-8014-b8942e594239}</UniqueIdentifier>
    </Filter>
    <Filter Include="AI\goals\goal evaluation">
      <UniqueIdentifier>{11d8989b-abfd-4695-98ed-fe341f3e500d}</UniqueIdentifier>
    </Filter>
    <Filter Include="AI\goals\atomic">
      <UniqueIdentifier>{92a22324-02fd-45f6-8585-3ee838f3154b}</UniqueIdentifier>
    </Filter>
    <Filter Include="AI\fuzzy logic">
      <UniqueIdentifier>{d2c6a00b-58e8-4552-bca3-6d6c2da3ffeb}</UniqueIdentifier>
    </Filter>
    <Filter Include="AI\fuzzy logic\fuzzy set types">
      <UniqueIdentifier>{cfcdd5cd-0837-47ac-bea8-d14405dbfa47}</UniqueIdentifier>
    </Filter>
    <Filter Include="AI\Movement &amp; Navigation">
      <UniqueIdentifier>{2e035c72-b476-4334-a2b6-9b0280c8052f}</UniqueIdentifier>
    </Filter>
    <Filter Include="AI\Messaging">
      <UniqueIdentifier>{f34003cb-01df-416d-a8b2-bcbadde7258b}</UniqueIdentifier>
    </Filter>
    <Filter Include="AI\Sensory Memory">
      <UniqueIdentifier>{c557f9c9-c1a5-4e14-9596-2d8492cf3ea4}</UniqueIdentifier>
    </Filter>
    <Filter Include="AI\Triggers">
      <UniqueIdentifier>{2e1fec69-10c9-4827-8f3b-189798fa1630}</UniqueIdentifier>
    </Filter>
    <Filter Include="AI\Weapon Handling">
      <UniqueIdentifier>{3724be09-1fb6-4ed4-932d-b32279c593ba}</UniqueIdentifier>
    </Filter>
    <Filter Include="AI\Target Selection">
      <UniqueIdentifier>{b6d825fb-d006-4232-b302-1f1122cf7aeb}</UniqueIdentifier>
    </Filter>
    <Filter Include="Common">
      <UniqueIdentifier>{2a17db7c-12c9-4f95-9660-dfbf08f3cefe}</UniqueIdentifier>
    </Filter>
  </ItemGroup>
  <ItemGroup>
    <ClCompile Include="main.cpp">
      <Filter>Game</Filter>
    </ClCompile>
    <ClCompile Include="Raven_Bot.cpp">
      <Filter>Game</Filter>
    </ClCompile>
    <ClCompile Include="Raven_Game.cpp">
      <Filter>Game</Filter>
    </ClCompile>
    <ClCompile Include="Raven_Map.cpp">
      <Filter>Game</Filter>
    </ClCompile>
    <ClCompile Include="armory\Raven_Weapon.cpp">
      <Filter>Game\weapons &amp; projectiles\weapons</Filter>
    </ClCompile>
    <ClCompile Include="armory\Weapon_Blaster.cpp">
      <Filter>Game\weapons &amp; projectiles\weapons</Filter>
    </ClCompile>
    <ClCompile Include="armory\Weapon_RailGun.cpp">
      <Filter>Game\weapons &amp; projectiles\weapons</Filter>
    </ClCompile>
    <ClCompile Include="armory\Weapon_RocketLauncher.cpp">
      <Filter>Game\weapons &amp; projectiles\weapons</Filter>
    </ClCompile>
    <ClCompile Include="armory\Weapon_ShotGun.cpp">
      <Filter>Game\weapons &amp; projectiles\weapons</Filter>
    </ClCompile>
    <ClCompile Include="armory\Projectile_Bolt.cpp">
      <Filter>Game\weapons &amp; projectiles\projectiles</Filter>
    </ClCompile>
    <ClCompile Include="armory\Projectile_Pellet.cpp">
      <Filter>Game\weapons &amp; projectiles\projectiles</Filter>
    </ClCompile>
    <ClCompile Include="armory\Projectile_Rocket.cpp">
      <Filter>Game\weapons &amp; projectiles\projectiles</Filter>
    </ClCompile>
    <ClCompile Include="armory\Projectile_Slug.cpp">
      <Filter>Game\weapons &amp; projectiles\projectiles</Filter>
    </ClCompile>
    <ClCompile Include="armory\Raven_Projectile.cpp">
      <Filter>Game\weapons &amp; projectiles\projectiles</Filter>
    </ClCompile>
    <ClCompile Include="lua\Raven_Scriptor.cpp">
      <Filter>Game\Script related\general</Filter>
    </ClCompile>
    <ClCompile Include="GraveMarkers.cpp">
      <Filter>Game\misc</Filter>
    </ClCompile>
    <ClCompile Include="Raven_Door.cpp">
      <Filter>Game\misc</Filter>
    </ClCompile>
    <ClCompile Include="Raven_UserOptions.cpp">
      <Filter>Game\misc</Filter>
    </ClCompile>
    <ClCompile Include="goals\Raven_Goal_Types.cpp">
      <Filter>AI\goals</Filter>
    </ClCompile>
    <ClCompile Include="goals\Goal_AdjustRange.cpp">
      <Filter>AI\goals\composite</Filter>
    </ClCompile>
    <ClCompile Include="goals\Goal_AttackTarget.cpp">
      <Filter>AI\goals\composite</Filter>
    </ClCompile>
    <ClCompile Include="goals\Goal_Explore.cpp">
      <Filter>AI\goals\composite</Filter>
    </ClCompile>
    <ClCompile Include="goals\Goal_FollowPath.cpp">
      <Filter>AI\goals\composite</Filter>
    </ClCompile>
    <ClCompile Include="goals\Goal_GetItem.cpp">
      <Filter>AI\goals\composite</Filter>
    </ClCompile>
    <ClCompile Include="goals\Goal_HuntTarget.cpp">
      <Filter>AI\goals\composite</Filter>
    </ClCompile>
    <ClCompile Include="goals\Goal_MoveToPosition.cpp">
      <Filter>AI\goals\composite</Filter>
    </ClCompile>
    <ClCompile Include="goals\Goal_NegotiateDoor.cpp">
      <Filter>AI\goals\composite</Filter>
    </ClCompile>
    <ClCompile Include="goals\Goal_Think.cpp">
      <Filter>AI\goals\composite</Filter>
    </ClCompile>
    <ClCompile Include="goals\AttackTargetGoal_Evaluator.cpp">
      <Filter>AI\goals\goal evaluation</Filter>
    </ClCompile>
    <ClCompile Include="goals\ExploreGoal_Evaluator.cpp">
      <Filter>AI\goals\goal evaluation</Filter>
    </ClCompile>
    <ClCompile Include="goals\GetHealthGoal_Evaluator.cpp">
      <Filter>AI\goals\goal evaluation</Filter>
    </ClCompile>
    <ClCompile Include="goals\GetWeaponGoal_Evaluator.cpp">
      <Filter>AI\goals\goal evaluation</Filter>
    </ClCompile>
    <ClCompile Include="goals\Raven_Feature.cpp">
      <Filter>AI\goals\goal evaluation</Filter>
    </ClCompile>
    <ClCompile Include="goals\Goal_DodgeSideToSide.cpp">
      <Filter>AI\goals\atomic</Filter>
    </ClCompile>
    <ClCompile Include="goals\Goal_SayPhrase.cpp">
      <Filter>AI\goals\atomic</Filter>
    </ClCompile>
    <ClCompile Include="goals\Goal_SeekToPosition.cpp">
      <Filter>AI\goals\atomic</Filter>
    </ClCompile>
    <ClCompile Include="goals\Goal_TraverseEdge.cpp">
      <Filter>AI\goals\atomic</Filter>
    </ClCompile>
    <ClCompile Include="goals\Goal_Wander.cpp">
      <Filter>AI\goals\atomic</Filter>
    </ClCompile>
    <ClCompile Include="navigation\Raven_PathPlanner.cpp">
      <Filter>AI\Movement &amp; Navigation</Filter>
    </ClCompile>
    <ClCompile Include="Raven_SteeringBehaviors.cpp">
      <Filter>AI\Movement &amp; Navigation</Filter>
    </ClCompile>
    <ClCompile Include="Raven_SensoryMemory.cpp">
      <Filter>AI\Sensory Memory</Filter>
    </ClCompile>
    <ClCompile Include="triggers\Trigger_HealthGiver.cpp">
      <Filter>AI\Triggers</Filter>
    </ClCompile>
    <ClCompile Include="triggers\Trigger_SoundNotify.cpp">
      <Filter>AI\Triggers</Filter>
    </ClCompile>
    <ClCompile Include="triggers\Trigger_WeaponGiver.cpp">
      <Filter>AI\Triggers</Filter>
    </ClCompile>
    <ClCompile Include="Raven_WeaponSystem.cpp">
      <Filter>AI\Weapon Handling</Filter>
    </ClCompile>
    <ClCompile Include="Raven_TargetingSystem.cpp">
      <Filter>AI\Target Selection</Filter>
    </ClCompile>
    <ClCompile Include="Common\misc\Cgdi.cpp">
      <Filter>Common</Filter>
    </ClCompile>
    <ClCompile Include="Common\misc\FrameCounter.cpp">
      <Filter>Common</Filter>
    </ClCompile>
    <ClCompile Include="Common\misc\WindowUtils.cpp">
      <Filter>Common</Filter>
    </ClCompile>
    <ClCompile Include="Common\2D\Vector2d.cpp">
      <Filter>Common</Filter>
    </ClCompile>
    <ClCompile Include="Common\Debug\DebugConsole.cpp">
      <Filter>Common</Filter>
    </ClCompile>
    <ClCompile Include="Common\Time\CrudeTimer.cpp">
      <Filter>Common</Filter>
    </ClCompile>
    <ClCompile Include="Common\Time\PrecisionTimer.cpp">
      <Filter>Common</Filter>
    </ClCompile>
    <ClCompile Include="Common\fuzzy\FuzzyModule.cpp">
      <Filter>AI\fuzzy logic</Filter>
    </ClCompile>
    <ClCompile Include="Common\fuzzy\FuzzyOperators.cpp">
      <Filter>AI\fuzzy logic</Filter>
    </ClCompile>
    <ClCompile Include="Common\fuzzy\FuzzyVariable.cpp">
      <Filter>AI\fuzzy logic</Filter>
    </ClCompile>
    <ClCompile Include="Common\fuzzy\FuzzySet_LeftShoulder.cpp">
      <Filter>AI\fuzzy logic\fuzzy set types</Filter>
    </ClCompile>
    <ClCompile Include="Common\fuzzy\FuzzySet_RightShoulder.cpp">
      <Filter>AI\fuzzy logic\fuzzy set types</Filter>
    </ClCompile>
    <ClCompile Include="Common\fuzzy\FuzzySet_Singleton.cpp">
      <Filter>AI\fuzzy logic\fuzzy set types</Filter>
    </ClCompile>
    <ClCompile Include="Common\fuzzy\FuzzySet_Triangle.cpp">
      <Filter>AI\fuzzy logic\fuzzy set types</Filter>
    </ClCompile>
    <ClCompile Include="Common\Game\EntityManager.cpp">
      <Filter>Game\misc</Filter>
    </ClCompile>
    <ClCompile Include="Common\Game\BaseGameEntity.cpp">
      <Filter>Game\Base entity classes</Filter>
    </ClCompile>
    <ClCompile Include="Common\Messaging\MessageDispatcher.cpp">
      <Filter>AI\Messaging</Filter>
    </ClCompile>
    <ClCompile Include="goals\GetEscapeGoal_Evaluator.cpp">
      <Filter>AI\goals\goal evaluation</Filter>
    </ClCompile>
    <ClCompile Include="goals\Goal_EscapeFromTarget.cpp">
      <Filter>AI\goals\composite</Filter>
    </ClCompile>
  </ItemGroup>
  <ItemGroup>
    <ClInclude Include="Raven_Bot.h">
      <Filter>Game</Filter>
    </ClInclude>
    <ClInclude Include="Raven_Game.h">
      <Filter>Game</Filter>
    </ClInclude>
    <ClInclude Include="Raven_Map.h">
      <Filter>Game</Filter>
    </ClInclude>
    <ClInclude Include="armory\Raven_Weapon.h">
      <Filter>Game\weapons &amp; projectiles\weapons</Filter>
    </ClInclude>
    <ClInclude Include="armory\Weapon_Blaster.h">
      <Filter>Game\weapons &amp; projectiles\weapons</Filter>
    </ClInclude>
    <ClInclude Include="armory\Weapon_RailGun.h">
      <Filter>Game\weapons &amp; projectiles\weapons</Filter>
    </ClInclude>
    <ClInclude Include="armory\Weapon_RocketLauncher.h">
      <Filter>Game\weapons &amp; projectiles\weapons</Filter>
    </ClInclude>
    <ClInclude Include="armory\Weapon_ShotGun.h">
      <Filter>Game\weapons &amp; projectiles\weapons</Filter>
    </ClInclude>
    <ClInclude Include="armory\Projectile_Bolt.h">
      <Filter>Game\weapons &amp; projectiles\projectiles</Filter>
    </ClInclude>
    <ClInclude Include="armory\Projectile_Pellet.h">
      <Filter>Game\weapons &amp; projectiles\projectiles</Filter>
    </ClInclude>
    <ClInclude Include="armory\Projectile_Rocket.h">
      <Filter>Game\weapons &amp; projectiles\projectiles</Filter>
    </ClInclude>
    <ClInclude Include="armory\Projectile_Slug.h">
      <Filter>Game\weapons &amp; projectiles\projectiles</Filter>
    </ClInclude>
    <ClInclude Include="armory\Raven_Projectile.h">
      <Filter>Game\weapons &amp; projectiles\projectiles</Filter>
    </ClInclude>
    <ClInclude Include="lua\Raven_Scriptor.h">
      <Filter>Game\Script related\general</Filter>
    </ClInclude>
    <ClInclude Include="constants.h">
      <Filter>Game\misc</Filter>
    </ClInclude>
    <ClInclude Include="GraveMarkers.h">
      <Filter>Game\misc</Filter>
    </ClInclude>
    <ClInclude Include="Raven_Door.h">
      <Filter>Game\misc</Filter>
    </ClInclude>
    <ClInclude Include="Raven_ObjectEnumerations.h">
      <Filter>Game\misc</Filter>
    </ClInclude>
    <ClInclude Include="Raven_UserOptions.h">
      <Filter>Game\misc</Filter>
    </ClInclude>
    <ClInclude Include="resource.h">
      <Filter>Resource Files</Filter>
    </ClInclude>
    <ClInclude Include="goals\Raven_Goal_Types.h">
      <Filter>AI\goals</Filter>
    </ClInclude>
    <ClInclude Include="goals\Goal_AdjustRange.h">
      <Filter>AI\goals\composite</Filter>
    </ClInclude>
    <ClInclude Include="goals\Goal_AttackTarget.h">
      <Filter>AI\goals\composite</Filter>
    </ClInclude>
    <ClInclude Include="..\Common\Goals\Goal_Composite.h">
      <Filter>AI\goals\composite</Filter>
    </ClInclude>
    <ClInclude Include="goals\Goal_Explore.h">
      <Filter>AI\goals\composite</Filter>
    </ClInclude>
    <ClInclude Include="goals\Goal_FollowPath.h">
      <Filter>AI\goals\composite</Filter>
    </ClInclude>
    <ClInclude Include="goals\Goal_GetItem.h">
      <Filter>AI\goals\composite</Filter>
    </ClInclude>
    <ClInclude Include="goals\Goal_HuntTarget.h">
      <Filter>AI\goals\composite</Filter>
    </ClInclude>
    <ClInclude Include="goals\Goal_MoveToPosition.h">
      <Filter>AI\goals\composite</Filter>
    </ClInclude>
    <ClInclude Include="goals\Goal_NegotiateDoor.h">
      <Filter>AI\goals\composite</Filter>
    </ClInclude>
    <ClInclude Include="goals\Goal_Think.h">
      <Filter>AI\goals\composite</Filter>
    </ClInclude>
    <ClInclude Include="goals\AttackTargetGoal_Evaluator.h">
      <Filter>AI\goals\goal evaluation</Filter>
    </ClInclude>
    <ClInclude Include="goals\ExploreGoal_Evaluator.h">
      <Filter>AI\goals\goal evaluation</Filter>
    </ClInclude>
    <ClInclude Include="goals\GetHealthGoal_Evaluator.h">
      <Filter>AI\goals\goal evaluation</Filter>
    </ClInclude>
    <ClInclude Include="goals\GetWeaponGoal_Evaluator.h">
      <Filter>AI\goals\goal evaluation</Filter>
    </ClInclude>
    <ClInclude Include="goals\Goal_Evaluator.h">
      <Filter>AI\goals\goal evaluation</Filter>
    </ClInclude>
    <ClInclude Include="goals\Raven_Feature.h">
      <Filter>AI\goals\goal evaluation</Filter>
    </ClInclude>
    <ClInclude Include="..\Common\Goals\Goal.h">
      <Filter>AI\goals\atomic</Filter>
    </ClInclude>
    <ClInclude Include="goals\Goal_DodgeSideToSide.h">
      <Filter>AI\goals\atomic</Filter>
    </ClInclude>
    <ClInclude Include="goals\Goal_SayPhrase.h">
      <Filter>AI\goals\atomic</Filter>
    </ClInclude>
    <ClInclude Include="goals\Goal_SeekToPosition.h">
      <Filter>AI\goals\atomic</Filter>
    </ClInclude>
    <ClInclude Include="goals\Goal_TraverseEdge.h">
      <Filter>AI\goals\atomic</Filter>
    </ClInclude>
    <ClInclude Include="goals\Goal_Wander.h">
      <Filter>AI\goals\atomic</Filter>
    </ClInclude>
    <ClInclude Include="..\Common\misc\CellSpacePartition.h">
      <Filter>AI\Movement &amp; Navigation</Filter>
    </ClInclude>
    <ClInclude Include="..\Common\Graph\GraphAlgorithms.h">
      <Filter>AI\Movement &amp; Navigation</Filter>
    </ClInclude>
    <ClInclude Include="..\Common\Graph\GraphEdgeTypes.h">
      <Filter>AI\Movement &amp; Navigation</Filter>
    </ClInclude>
    <ClInclude Include="..\Common\Graph\GraphNodeTypes.h">
      <Filter>AI\Movement &amp; Navigation</Filter>
    </ClInclude>
    <ClInclude Include="..\Common\Graph\HandyGraphFunctions.h">
      <Filter>AI\Movement &amp; Navigation</Filter>
    </ClInclude>
    <ClInclude Include="..\Common\Graph\NodeTypeEnumerations.h">
      <Filter>AI\Movement &amp; Navigation</Filter>
    </ClInclude>
    <ClInclude Include="navigation\PathEdge.h">
      <Filter>AI\Movement &amp; Navigation</Filter>
    </ClInclude>
    <ClInclude Include="navigation\PathManager.h">
      <Filter>AI\Movement &amp; Navigation</Filter>
    </ClInclude>
    <ClInclude Include="navigation\Raven_PathPlanner.h">
      <Filter>AI\Movement &amp; Navigation</Filter>
    </ClInclude>
    <ClInclude Include="Raven_SteeringBehaviors.h">
      <Filter>AI\Movement &amp; Navigation</Filter>
    </ClInclude>
    <ClInclude Include="navigation\SearchTerminationPolicies.h">
      <Filter>AI\Movement &amp; Navigation</Filter>
    </ClInclude>
    <ClInclude Include="..\Common\Graph\SparseGraph.h">
      <Filter>AI\Movement &amp; Navigation</Filter>
    </ClInclude>
    <ClInclude Include="navigation\TimeSlicedGraphAlgorithms.h">
      <Filter>AI\Movement &amp; Navigation</Filter>
    </ClInclude>
    <ClInclude Include="Raven_Messages.h">
      <Filter>AI\Messaging</Filter>
    </ClInclude>
    <ClInclude Include="Raven_SensoryMemory.h">
      <Filter>AI\Sensory Memory</Filter>
    </ClInclude>
    <ClInclude Include="..\Common\Triggers\Trigger.h">
      <Filter>AI\Triggers</Filter>
    </ClInclude>
    <ClInclude Include="triggers\Trigger_HealthGiver.h">
      <Filter>AI\Triggers</Filter>
    </ClInclude>
    <ClInclude Include="..\Common\Triggers\Trigger_LimitedLifeTime.h">
      <Filter>AI\Triggers</Filter>
    </ClInclude>
    <ClInclude Include="triggers\Trigger_OnButtonSendMsg.h">
      <Filter>AI\Triggers</Filter>
    </ClInclude>
    <ClInclude Include="..\Common\Triggers\Trigger_ReSpawning.h">
      <Filter>AI\Triggers</Filter>
    </ClInclude>
    <ClInclude Include="triggers\Trigger_SoundNotify.h">
      <Filter>AI\Triggers</Filter>
    </ClInclude>
    <ClInclude Include="triggers\Trigger_WeaponGiver.h">
      <Filter>AI\Triggers</Filter>
    </ClInclude>
    <ClInclude Include="..\Common\Triggers\TriggerRegion.h">
      <Filter>AI\Triggers</Filter>
    </ClInclude>
    <ClInclude Include="..\Common\Triggers\TriggerSystem.h">
      <Filter>AI\Triggers</Filter>
    </ClInclude>
    <ClInclude Include="Raven_WeaponSystem.h">
      <Filter>AI\Weapon Handling</Filter>
    </ClInclude>
    <ClInclude Include="Raven_TargetingSystem.h">
      <Filter>AI\Target Selection</Filter>
    </ClInclude>
    <ClInclude Include="Common\misc\Cgdi.h">
      <Filter>Common</Filter>
    </ClInclude>
    <ClInclude Include="Common\misc\FrameCounter.h">
      <Filter>Common</Filter>
    </ClInclude>
    <ClInclude Include="Common\misc\PriorityQueue.h">
      <Filter>Common</Filter>
    </ClInclude>
    <ClInclude Include="Common\misc\WindowUtils.h">
      <Filter>Common</Filter>
    </ClInclude>
    <ClInclude Include="Common\2D\C2DMatrix.h">
      <Filter>Common</Filter>
    </ClInclude>
    <ClInclude Include="Common\2D\geometry.h">
      <Filter>Common</Filter>
    </ClInclude>
    <ClInclude Include="Common\2D\InvertedAABBox2D.h">
      <Filter>Common</Filter>
    </ClInclude>
    <ClInclude Include="Common\2D\Transformations.h">
      <Filter>Common</Filter>
    </ClInclude>
    <ClInclude Include="Common\2D\Vector2D.h">
      <Filter>Common</Filter>
    </ClInclude>
    <ClInclude Include="Common\2D\Wall2D.h">
      <Filter>Common</Filter>
    </ClInclude>
    <ClInclude Include="Common\2D\WallIntersectionTests.h">
      <Filter>Common</Filter>
    </ClInclude>
    <ClInclude Include="Common\Debug\DebugConsole.h">
      <Filter>Common</Filter>
    </ClInclude>
    <ClInclude Include="Common\Time\CrudeTimer.h">
      <Filter>Common</Filter>
    </ClInclude>
    <ClInclude Include="Common\Time\PrecisionTimer.h">
      <Filter>Common</Filter>
    </ClInclude>
    <ClInclude Include="Common\Time\Regulator.h">
      <Filter>Common</Filter>
    </ClInclude>
    <ClInclude Include="Common\misc\utils.h">
      <Filter>Common</Filter>
    </ClInclude>
    <ClInclude Include="Common\misc\Stream_Utility_Functions.h">
      <Filter>Common</Filter>
    </ClInclude>
    <ClInclude Include="Common\fuzzy\FuzzyHedges.h">
      <Filter>AI\fuzzy logic</Filter>
    </ClInclude>
    <ClInclude Include="Common\fuzzy\FuzzyModule.h">
      <Filter>AI\fuzzy logic</Filter>
    </ClInclude>
    <ClInclude Include="Common\fuzzy\FuzzyOperators.h">
      <Filter>AI\fuzzy logic</Filter>
    </ClInclude>
    <ClInclude Include="Common\fuzzy\FuzzyRule.h">
      <Filter>AI\fuzzy logic</Filter>
    </ClInclude>
    <ClInclude Include="Common\fuzzy\FuzzyTerm.h">
      <Filter>AI\fuzzy logic</Filter>
    </ClInclude>
    <ClInclude Include="Common\fuzzy\FuzzyVariable.h">
      <Filter>AI\fuzzy logic</Filter>
    </ClInclude>
    <ClInclude Include="Common\fuzzy\FzSet.h">
      <Filter>AI\fuzzy logic</Filter>
    </ClInclude>
    <ClInclude Include="Common\fuzzy\FuzzySet.h">
      <Filter>AI\fuzzy logic\fuzzy set types</Filter>
    </ClInclude>
    <ClInclude Include="Common\fuzzy\FuzzySet_LeftShoulder.h">
      <Filter>AI\fuzzy logic\fuzzy set types</Filter>
    </ClInclude>
    <ClInclude Include="Common\fuzzy\FuzzySet_RightShoulder.h">
      <Filter>AI\fuzzy logic\fuzzy set types</Filter>
    </ClInclude>
    <ClInclude Include="Common\fuzzy\FuzzySet_Shoulder.h">
      <Filter>AI\fuzzy logic\fuzzy set types</Filter>
    </ClInclude>
    <ClInclude Include="Common\fuzzy\FuzzySet_Singleton.h">
      <Filter>AI\fuzzy logic\fuzzy set types</Filter>
    </ClInclude>
    <ClInclude Include="Common\fuzzy\FuzzySet_Triangle.h">
      <Filter>AI\fuzzy logic\fuzzy set types</Filter>
    </ClInclude>
    <ClInclude Include="Common\Game\EntityManager.h">
      <Filter>Game\misc</Filter>
    </ClInclude>
    <ClInclude Include="Common\Game\BaseGameEntity.h">
      <Filter>Game\Base entity classes</Filter>
    </ClInclude>
    <ClInclude Include="Common\Game\EntityFunctionTemplates.h">
      <Filter>Game\Base entity classes</Filter>
    </ClInclude>
    <ClInclude Include="Common\Game\MovingEntity.h">
      <Filter>Game\Base entity classes</Filter>
    </ClInclude>
    <ClInclude Include="Common\Messaging\MessageDispatcher.h">
      <Filter>AI\Messaging</Filter>
    </ClInclude>
    <ClInclude Include="Common\Messaging\Telegram.h">
      <Filter>AI\Messaging</Filter>
    </ClInclude>
    <ClInclude Include="Common\lua-5.1.3\include\lauxlib.h">
      <Filter>Game\Script related\lua headers</Filter>
    </ClInclude>
    <ClInclude Include="Common\lua-5.1.3\include\lua.h">
      <Filter>Game\Script related\lua headers</Filter>
    </ClInclude>
    <ClInclude Include="Common\lua-5.1.3\include\luaconf.h">
      <Filter>Game\Script related\lua headers</Filter>
    </ClInclude>
    <ClInclude Include="Common\lua-5.1.3\include\luahelperfunctions.h">
      <Filter>Game\Script related\lua headers</Filter>
    </ClInclude>
    <ClInclude Include="Common\lua-5.1.3\include\lualib.h">
      <Filter>Game\Script related\lua headers</Filter>
    </ClInclude>
    <ClInclude Include="Common\lua-5.1.3\include\OpenLuaStates.h">
      <Filter>Game\Script related\lua headers</Filter>
    </ClInclude>
    <ClInclude Include="Common\script\Scriptor.h">
      <Filter>Game\Script related\general</Filter>
    </ClInclude>
    <ClInclude Include="Common\Graph\AStarHeuristicPolicies.h">
      <Filter>AI\Movement &amp; Navigation</Filter>
    </ClInclude>
    <ClInclude Include="goals\GetEscapeGoal_Evaluator.h">
      <Filter>AI\goals\goal evaluation</Filter>
    </ClInclude>
    <ClInclude Include="goals\Goal_EscapeFromTarget.h">
      <Filter>AI\goals\composite</Filter>
    </ClInclude>
  </ItemGroup>
  <ItemGroup>
    <None Include="Params.lua">
      <Filter>Game\Script related</Filter>
    </None>
    <None Include="maps\Raven_DM1.map">
      <Filter>Resource Files\maps</Filter>
    </None>
    <None Include="maps\Raven_DM1_Doors.map">
      <Filter>Resource Files\maps</Filter>
    </None>
  </ItemGroup>
  <ItemGroup>
    <Text Include="note.txt">
      <Filter>Resource Files</Filter>
    </Text>
  </ItemGroup>
  <ItemGroup>
    <ResourceCompile Include="Script1.rc">
      <Filter>Resource Files</Filter>
    </ResourceCompile>
  </ItemGroup>
</Project>